
Microsoft Visual Studio Solution File, Format Version 12.00
# Visual Studio Version 17
VisualStudioVersion = 17.5.002.0
MinimumVisualStudioVersion = 10.0.40219.1
Project("{9A19103F-16F7-4668-BE54-9A1E7A4F7556}") = "TallerD.UnachLaboratorio.API", "TallerD.UnachLaboratorio.API\TallerD.UnachLaboratorio.API.csproj", "{894A531A-D199-4250-8DE2-017342007E61}"
EndProject
Project("{9A19103F-16F7-4668-BE54-9A1E7A4F7556}") = "TallerD.Unachlaboratorio.BaseDatos", "TallerD.Unachlaboratorio.BaseDatos\TallerD.Unachlaboratorio.BaseDatos.csproj", "{66D12DFB-C2A3-4F49-B3BA-68CF02F5AF4D}"
EndProject
Project("{9A19103F-16F7-4668-BE54-9A1E7A4F7556}") = "TallerD.Unachlaboratorio.Helpers", "TallerD.Unachlaboratorio.Helpers\TallerD.Unachlaboratorio.Helpers.csproj", "{B12B3307-055E-466E-B579-928BFA1D4690}"
EndProject
Project("{9A19103F-16F7-4668-BE54-9A1E7A4F7556}") = "TallerD.Unachlaboratorio.Modelos", "TallerD.Unachlaboratorio.Modelos\TallerD.Unachlaboratorio.Modelos.csproj", "{E13A29BE-2A1D-4FEE-B2A1-4A4BA959C92A}"
EndProject
Project("{9A19103F-16F7-4668-BE54-9A1E7A4F7556}") = "TallerD.Unachlaboratorio.Repositorios", "TallerD.Unachlaboratorio.Repositorios\TallerD.Unachlaboratorio.Repositorios.csproj", "{82B47E27-9E49-4350-AA88-C7CC9107A1C3}"
EndProject
Global
	GlobalSection(SolutionConfigurationPlatforms) = preSolution
		Debug|Any CPU = Debug|Any CPU
		Release|Any CPU = Release|Any CPU
	EndGlobalSection
	GlobalSection(ProjectConfigurationPlatforms) = postSolution
		{894A531A-D199-4250-8DE2-017342007E61}.Debug|Any CPU.ActiveCfg = Debug|Any CPU
		{894A531A-D199-4250-8DE2-017342007E61}.Debug|Any CPU.Build.0 = Debug|Any CPU
		{894A531A-D199-4250-8DE2-017342007E61}.Release|Any CPU.ActiveCfg = Release|Any CPU
		{894A531A-D199-4250-8DE2-017342007E61}.Release|Any CPU.Build.0 = Release|Any CPU
		{66D12DFB-C2A3-4F49-B3BA-68CF02F5AF4D}.Debug|Any CPU.ActiveCfg = Debug|Any CPU
		{66D12DFB-C2A3-4F49-B3BA-68CF02F5AF4D}.Debug|Any CPU.Build.0 = Debug|Any CPU
		{66D12DFB-C2A3-4F49-B3BA-68CF02F5AF4D}.Release|Any CPU.ActiveCfg = Release|Any CPU
		{66D12DFB-C2A3-4F49-B3BA-68CF02F5AF4D}.Release|Any CPU.Build.0 = Release|Any CPU
		{B12B3307-055E-466E-B579-928BFA1D4690}.Debug|Any CPU.ActiveCfg = Debug|Any CPU
		{B12B3307-055E-466E-B579-928BFA1D4690}.Debug|Any CPU.Build.0 = Debug|Any CPU
		{B12B3307-055E-466E-B579-928BFA1D4690}.Release|Any CPU.ActiveCfg = Release|Any CPU
		{B12B3307-055E-466E-B579-928BFA1D4690}.Release|Any CPU.Build.0 = Release|Any CPU
		{E13A29BE-2A1D-4FEE-B2A1-4A4BA959C92A}.Debug|Any CPU.ActiveCfg = Debug|Any CPU
		{E13A29BE-2A1D-4FEE-B2A1-4A4BA959C92A}.Debug|Any CPU.Build.0 = Debug|Any CPU
		{E13A29BE-2A1D-4FEE-B2A1-4A4BA959C92A}.Release|Any CPU.ActiveCfg = Release|Any CPU
		{E13A29BE-2A1D-4FEE-B2A1-4A4BA959C92A}.Release|Any CPU.Build.0 = Release|Any CPU
		{82B47E27-9E49-4350-AA88-C7CC9107A1C3}.Debug|Any CPU.ActiveCfg = Debug|Any CPU
		{82B47E27-9E49-4350-AA88-C7CC9107A1C3}.Debug|Any CPU.Build.0 = Debug|Any CPU
		{82B47E27-9E49-4350-AA88-C7CC9107A1C3}.Release|Any CPU.ActiveCfg = Release|Any CPU
		{82B47E27-9E49-4350-AA88-C7CC9107A1C3}.Release|Any CPU.Build.0 = Release|Any CPU
	EndGlobalSection
	GlobalSection(SolutionProperties) = preSolution
		HideSolutionNode = FALSE
	EndGlobalSection
	GlobalSection(ExtensibilityGlobals) = postSolution
		SolutionGuid = {29DB84B9-1C3D-46ED-86AE-425D843C5CC6}
	EndGlobalSection
EndGlobal
